
Microsoft Visual Studio Solution File, Format Version 12.00
# Visual Studio Version 17
VisualStudioVersion = 17.2.32519.379
MinimumVisualStudioVersion = 10.0.40219.1
Project("{9A19103F-16F7-4668-BE54-9A1E7A4F7556}") = "Data", "Data\Data.csproj", "{A07F404E-CD26-431B-9423-340C368DC49C}"
EndProject
Project("{FAE04EC0-301F-11D3-BF4B-00C04F79EFBC}") = "Business", "Business\Business.csproj", "{B56F7670-717E-4F9F-9058-E72AA4C567B7}"
EndProject
Project("{FAE04EC0-301F-11D3-BF4B-00C04F79EFBC}") = "API", "API\API.csproj", "{835A1176-10E7-4EC1-B976-3193BCD82CAE}"
EndProject
Project("{FAE04EC0-301F-11D3-BF4B-00C04F79EFBC}") = "Web", "Web\Web.csproj", "{17E10630-E8AF-41F0-A443-78E1EC020AC6}"
EndProject
Global
	GlobalSection(SolutionConfigurationPlatforms) = preSolution
		Debug|Any CPU = Debug|Any CPU
		Release|Any CPU = Release|Any CPU
	EndGlobalSection
	GlobalSection(ProjectConfigurationPlatforms) = postSolution
		{A07F404E-CD26-431B-9423-340C368DC49C}.Debug|Any CPU.ActiveCfg = Debug|Any CPU
		{A07F404E-CD26-431B-9423-340C368DC49C}.Debug|Any CPU.Build.0 = Debug|Any CPU
		{A07F404E-CD26-431B-9423-340C368DC49C}.Release|Any CPU.ActiveCfg = Release|Any CPU
		{A07F404E-CD26-431B-9423-340C368DC49C}.Release|Any CPU.Build.0 = Release|Any CPU
		{B56F7670-717E-4F9F-9058-E72AA4C567B7}.Debug|Any CPU.ActiveCfg = Debug|Any CPU
		{B56F7670-717E-4F9F-9058-E72AA4C567B7}.Debug|Any CPU.Build.0 = Debug|Any CPU
		{B56F7670-717E-4F9F-9058-E72AA4C567B7}.Release|Any CPU.ActiveCfg = Release|Any CPU
		{B56F7670-717E-4F9F-9058-E72AA4C567B7}.Release|Any CPU.Build.0 = Release|Any CPU
		{835A1176-10E7-4EC1-B976-3193BCD82CAE}.Debug|Any CPU.ActiveCfg = Debug|Any CPU
		{835A1176-10E7-4EC1-B976-3193BCD82CAE}.Debug|Any CPU.Build.0 = Debug|Any CPU
		{835A1176-10E7-4EC1-B976-3193BCD82CAE}.Release|Any CPU.ActiveCfg = Release|Any CPU
		{835A1176-10E7-4EC1-B976-3193BCD82CAE}.Release|Any CPU.Build.0 = Release|Any CPU
		{17E10630-E8AF-41F0-A443-78E1EC020AC6}.Debug|Any CPU.ActiveCfg = Debug|Any CPU
		{17E10630-E8AF-41F0-A443-78E1EC020AC6}.Debug|Any CPU.Build.0 = Debug|Any CPU
		{17E10630-E8AF-41F0-A443-78E1EC020AC6}.Release|Any CPU.ActiveCfg = Release|Any CPU
		{17E10630-E8AF-41F0-A443-78E1EC020AC6}.Release|Any CPU.Build.0 = Release|Any CPU
	EndGlobalSection
	GlobalSection(SolutionProperties) = preSolution
		HideSolutionNode = FALSE
	EndGlobalSection
	GlobalSection(ExtensibilityGlobals) = postSolution
		SolutionGuid = {3EFD10EA-EAB6-43C1-B5E4-B5E5FE316A57}
	EndGlobalSection
EndGlobal
